# This file was autogenerated by Stack.
# You should not edit this file by hand.
# For more information, please see the documentation at:
#   https://docs.haskellstack.org/en/stable/lock_files

packages:
- completed:
    hackage: yampa-gloss-0.2@sha256:0c4608397bc06fb364b845759a976b662a097ce4c304aca19ed508336f38fda9,1822
    pantry-tree:
      size: 344
      sha256: e664a0baeebd7b21d85fa72ca8e89edfe94a467b3ceac4b940f7bca2fe4b1adb
  original:
    hackage: yampa-gloss-0.2@sha256:0c4608397bc06fb364b845759a976b662a097ce4c304aca19ed508336f38fda9,1822
- completed:
    hackage: Yampa-0.13.1@sha256:4612a2646c27bcd3ac55c90dbc34249303e28aa5b3bc3e0c6fa9ce58b889843c,5436
    pantry-tree:
      size: 4039
      sha256: 2ebdfafc0143a66132e1f790fc3909c93654ee89fbe468574c5c2a36070dc6b3
  original:
    hackage: Yampa-0.13.1@sha256:4612a2646c27bcd3ac55c90dbc34249303e28aa5b3bc3e0c6fa9ce58b889843c,5436
- completed:
    hackage: gloss-1.13.2.1@sha256:273d02d30e1896932d45424dab6022a16986c0ed3eef6937776b5f40854ce51c,4075
    pantry-tree:
      size: 3807
      sha256: 1bcac9962bad9412bfb3c3a694fcdaae7097ee4071b03fc1dc5ab6047baad01b
  original:
    hackage: gloss-1.13.2.1@sha256:273d02d30e1896932d45424dab6022a16986c0ed3eef6937776b5f40854ce51c,4075
- completed:
    hackage: GLUT-2.7.0.16@sha256:a7da60bef0d06eb501a2abd0d5068a89fa2c2daf5fee4b607df62395543ba6b0,24054
    pantry-tree:
      size: 9538
      sha256: 31d1c5020333d3f38db96d88e2a229da7f73ef95174be286a67a09525f9aefd9
  original:
    hackage: GLUT-2.7.0.16@sha256:a7da60bef0d06eb501a2abd0d5068a89fa2c2daf5fee4b607df62395543ba6b0,24054
- completed:
    hackage: OpenGL-3.0.3.0@sha256:811cf7cf2f325bde04efb021ef9b6a86a3b7383583f4bc6471b7a66c56ae889c,7985
    pantry-tree:
      size: 11166
      sha256: 1e7768ac1d08d7bacfd7777de99bf23021504c89b76e910ac79d0d12bf4aad12
  original:
    hackage: OpenGL-3.0.3.0@sha256:811cf7cf2f325bde04efb021ef9b6a86a3b7383583f4bc6471b7a66c56ae889c,7985
- completed:
    hackage: bmp-1.2.6.3@sha256:cd0cf81cd10a47e0d075ae83df0d63f4abdaf429e03d18f89f3dd3378f835be1,1314
    pantry-tree:
      size: 882
      sha256: fd2617842978d2337e47d64d0f6c74fd4cba58db14e52b4fa00794357fbd90c2
  original:
    hackage: bmp-1.2.6.3@sha256:cd0cf81cd10a47e0d075ae83df0d63f4abdaf429e03d18f89f3dd3378f835be1,1314
- completed:
    hackage: gloss-rendering-1.13.1.1@sha256:e7e1e16596a0b30dfc35c8f09685fc0642faefa8729227abaad99bdb2f1ba883,1715
    pantry-tree:
      size: 895
      sha256: f16864d3b42b89407dac6d0959601e127147ed2bd3ce8f0cba8a9afbc0b3a2a2
  original:
    hackage: gloss-rendering-1.13.1.1@sha256:e7e1e16596a0b30dfc35c8f09685fc0642faefa8729227abaad99bdb2f1ba883,1715
- completed:
    hackage: random-1.2.0@sha256:30d72df4cc1d2fe2d445c88f0ee9d21965af7ce86660c43a6c32a6a1d90d51c9,6094
    pantry-tree:
      size: 1259
      sha256: 92b5a834ba603ee4d006968a75847f4fd93a566b8a96e1b463b8229f8ce9961d
  original:
    hackage: random-1.2.0@sha256:30d72df4cc1d2fe2d445c88f0ee9d21965af7ce86660c43a6c32a6a1d90d51c9,6094
- completed:
    hackage: simple-affine-space-0.1.1@sha256:c2afdf618a641cebe213820ed3df82da62aee325483ea848a267d1d39b41f868,1933
    pantry-tree:
      size: 696
      sha256: abe4dd081903103525a14dd28014657d1e77eace5458643e91ba92033f91e7e0
  original:
    hackage: simple-affine-space-0.1.1@sha256:c2afdf618a641cebe213820ed3df82da62aee325483ea848a267d1d39b41f868,1933
- completed:
    hackage: GLURaw-2.0.0.4@sha256:4cf1d891f1960a941ff315eae8e229cfd6e36fc793d6546d837e866d9de13f8d,2378
    pantry-tree:
      size: 712
      sha256: 7c1df3644b96a8b3f91c935521e5e7ab578b14135324a807eb54acd0bce957b9
  original:
    hackage: GLURaw-2.0.0.4@sha256:4cf1d891f1960a941ff315eae8e229cfd6e36fc793d6546d837e866d9de13f8d,2378
- completed:
    hackage: ObjectName-1.1.0.1@sha256:de422b3691ffa4fee0112c750fccc3d2edcab6aa876a0ad71c364f1200f43b52,976
    pantry-tree:
      size: 264
      sha256: d2b1af158e141393d23ce143b8cc2255a62da9af11b08f83d9583a814f0a15ba
  original:
    hackage: ObjectName-1.1.0.1@sha256:de422b3691ffa4fee0112c750fccc3d2edcab6aa876a0ad71c364f1200f43b52,976
- completed:
    hackage: OpenGLRaw-3.3.4.0@sha256:26685d56510ea0332cd8657c5d035c5b48a743725a512e561365ce072e60d27c,25510
    pantry-tree:
      size: 48782
      sha256: a7fd7cc558224c64bf7051a2027ae8bb517cbb5a79a43c37e3fac01e5f6c2aca
  original:
    hackage: OpenGLRaw-3.3.4.0@sha256:26685d56510ea0332cd8657c5d035c5b48a743725a512e561365ce072e60d27c,25510
- completed:
    hackage: StateVar-1.2.1@sha256:b8bea664120dc78f5c15d9b8c0947d51dbc58a0b63ee49971fa7caac9f3e0845,1642
    pantry-tree:
      size: 314
      sha256: a754fbce030016de2534e05dd6abb987daf46e2d5e34f11ea200854869220cfc
  original:
    hackage: StateVar-1.2.1@sha256:b8bea664120dc78f5c15d9b8c0947d51dbc58a0b63ee49971fa7caac9f3e0845,1642
- completed:
    hackage: splitmix-0.1.0.3@sha256:fc3aae74c467f4b608050bef53aec17904a618731df9407e655d8f3bf8c32d5c,6049
    pantry-tree:
      size: 1400
      sha256: 8290f921f41c3628a6c9871502e57fd1d25f5954967afbf4ed16717fd8d3656f
  original:
    hackage: splitmix-0.1.0.3@sha256:fc3aae74c467f4b608050bef53aec17904a618731df9407e655d8f3bf8c32d5c,6049
- completed:
    hackage: fixed-0.3@sha256:f76bb14011911bdd9d71ecc16ffc8000821adfefdd48b38f952b2484900f37f6,868
    pantry-tree:
      size: 426
      sha256: 6ab63adf4af4b898400af30d98bc31669c8509c20067ccd04831264991bc78b2
  original:
    hackage: fixed-0.3@sha256:f76bb14011911bdd9d71ecc16ffc8000821adfefdd48b38f952b2484900f37f6,868
- completed:
    hackage: half-0.3.1@sha256:5aabf5325762b2d6335b9e3f88602431af2b954e14b058bea3e93168a8e0eb53,2058
    pantry-tree:
      size: 502
      sha256: e44f2e2dba15466712f8a5c523bdccb2e6c7e70506a23e6d45766f82fcbbd4b0
  original:
    hackage: half-0.3.1@sha256:5aabf5325762b2d6335b9e3f88602431af2b954e14b058bea3e93168a8e0eb53,2058
snapshots:
- completed:
    size: 508837
    url: https://raw.githubusercontent.com/commercialhaskell/stackage-snapshots/master/lts/12/25.yaml
    sha256: 090b7e245347dd4b57a99e121b8cd980afe3eb9a076a8fb23be0395bc2df85d6
  original: lts-12.25
