
Microsoft Visual Studio Solution File, Format Version 12.00
# Visual Studio Version 16
VisualStudioVersion = 16.0.31005.135
MinimumVisualStudioVersion = 10.0.40219.1
Project("{FAE04EC0-301F-11D3-BF4B-00C04F79EFBC}") = "Elanis.Sorting.Algorithm", "Elanis.Sorting.Algorithm\Elanis.Sorting.Algorithm.csproj", "{018EA3E4-EE70-4C47-8928-EFD2F0BF137C}"
EndProject
Project("{FAE04EC0-301F-11D3-BF4B-00C04F79EFBC}") = "Elanis.Sorting.Benchmark", "Elanis.Sorting.Benchmark\Elanis.Sorting.Benchmark.csproj", "{73A64C72-270C-496A-A19D-AC01C33C1F1C}"
EndProject
Project("{FAE04EC0-301F-11D3-BF4B-00C04F79EFBC}") = "Elanis.Sorting.Test", "Elanis.Sorting.Test\Elanis.Sorting.Test.csproj", "{9800276B-17BA-46D5-A7E7-A6A0550810D8}"
EndProject
Global
	GlobalSection(SolutionConfigurationPlatforms) = preSolution
		Debug|Any CPU = Debug|Any CPU
		Release|Any CPU = Release|Any CPU
	EndGlobalSection
	GlobalSection(ProjectConfigurationPlatforms) = postSolution
		{018EA3E4-EE70-4C47-8928-EFD2F0BF137C}.Debug|Any CPU.ActiveCfg = Debug|Any CPU
		{018EA3E4-EE70-4C47-8928-EFD2F0BF137C}.Debug|Any CPU.Build.0 = Debug|Any CPU
		{018EA3E4-EE70-4C47-8928-EFD2F0BF137C}.Release|Any CPU.ActiveCfg = Release|Any CPU
		{018EA3E4-EE70-4C47-8928-EFD2F0BF137C}.Release|Any CPU.Build.0 = Release|Any CPU
		{73A64C72-270C-496A-A19D-AC01C33C1F1C}.Debug|Any CPU.ActiveCfg = Debug|Any CPU
		{73A64C72-270C-496A-A19D-AC01C33C1F1C}.Debug|Any CPU.Build.0 = Debug|Any CPU
		{73A64C72-270C-496A-A19D-AC01C33C1F1C}.Release|Any CPU.ActiveCfg = Release|Any CPU
		{73A64C72-270C-496A-A19D-AC01C33C1F1C}.Release|Any CPU.Build.0 = Release|Any CPU
		{9800276B-17BA-46D5-A7E7-A6A0550810D8}.Debug|Any CPU.ActiveCfg = Debug|Any CPU
		{9800276B-17BA-46D5-A7E7-A6A0550810D8}.Debug|Any CPU.Build.0 = Debug|Any CPU
		{9800276B-17BA-46D5-A7E7-A6A0550810D8}.Release|Any CPU.ActiveCfg = Release|Any CPU
		{9800276B-17BA-46D5-A7E7-A6A0550810D8}.Release|Any CPU.Build.0 = Release|Any CPU
	EndGlobalSection
	GlobalSection(SolutionProperties) = preSolution
		HideSolutionNode = FALSE
	EndGlobalSection
	GlobalSection(ExtensibilityGlobals) = postSolution
		SolutionGuid = {1F8EF46B-1CF0-4FDF-8E54-60697D32AD29}
	EndGlobalSection
EndGlobal
