
Microsoft Visual Studio Solution File, Format Version 12.00
# Visual Studio Version 16
VisualStudioVersion = 16.0.31112.23
MinimumVisualStudioVersion = 10.0.40219.1
Project("{FAE04EC0-301F-11D3-BF4B-00C04F79EFBC}") = "Elanis.Webserver", "Elanis.Webserver\Elanis.Webserver.csproj", "{2DB527AF-AD93-4685-8F2A-F30EC7BB2789}"
EndProject
Global
	GlobalSection(SolutionConfigurationPlatforms) = preSolution
		Debug|Any CPU = Debug|Any CPU
		Release|Any CPU = Release|Any CPU
	EndGlobalSection
	GlobalSection(ProjectConfigurationPlatforms) = postSolution
		{2DB527AF-AD93-4685-8F2A-F30EC7BB2789}.Debug|Any CPU.ActiveCfg = Debug|Any CPU
		{2DB527AF-AD93-4685-8F2A-F30EC7BB2789}.Debug|Any CPU.Build.0 = Debug|Any CPU
		{2DB527AF-AD93-4685-8F2A-F30EC7BB2789}.Release|Any CPU.ActiveCfg = Release|Any CPU
		{2DB527AF-AD93-4685-8F2A-F30EC7BB2789}.Release|Any CPU.Build.0 = Release|Any CPU
	EndGlobalSection
	GlobalSection(SolutionProperties) = preSolution
		HideSolutionNode = FALSE
	EndGlobalSection
	GlobalSection(ExtensibilityGlobals) = postSolution
		SolutionGuid = {800FA901-3A56-4F88-B62E-11AE1B0611E4}
	EndGlobalSection
EndGlobal
